
Microsoft Visual Studio Solution File, Format Version 12.00
# Visual Studio Version 16
VisualStudioVersion = 16.0.28531.58
MinimumVisualStudioVersion = 10.0.40219.1
Project("{FAE04EC0-301F-11D3-BF4B-00C04F79EFBC}") = "ParserBill", "ParserBill\ParserBill.csproj", "{3663146A-BB85-44D0-B440-77000665D47E}"
EndProject
Project("{FAE04EC0-301F-11D3-BF4B-00C04F79EFBC}") = "ParsingBill", "ParsingBill\ParsingBill.csproj", "{3EC71144-5D1D-4E66-81E7-0F26D9968EF5}"
EndProject
Global
	GlobalSection(SolutionConfigurationPlatforms) = preSolution
		Debug|Any CPU = Debug|Any CPU
		Release|Any CPU = Release|Any CPU
	EndGlobalSection
	GlobalSection(ProjectConfigurationPlatforms) = postSolution
		{3663146A-BB85-44D0-B440-77000665D47E}.Debug|Any CPU.ActiveCfg = Debug|Any CPU
		{3663146A-BB85-44D0-B440-77000665D47E}.Debug|Any CPU.Build.0 = Debug|Any CPU
		{3663146A-BB85-44D0-B440-77000665D47E}.Release|Any CPU.ActiveCfg = Release|Any CPU
		{3663146A-BB85-44D0-B440-77000665D47E}.Release|Any CPU.Build.0 = Release|Any CPU
		{3EC71144-5D1D-4E66-81E7-0F26D9968EF5}.Debug|Any CPU.ActiveCfg = Debug|Any CPU
		{3EC71144-5D1D-4E66-81E7-0F26D9968EF5}.Debug|Any CPU.Build.0 = Debug|Any CPU
		{3EC71144-5D1D-4E66-81E7-0F26D9968EF5}.Release|Any CPU.ActiveCfg = Release|Any CPU
		{3EC71144-5D1D-4E66-81E7-0F26D9968EF5}.Release|Any CPU.Build.0 = Release|Any CPU
	EndGlobalSection
	GlobalSection(SolutionProperties) = preSolution
		HideSolutionNode = FALSE
	EndGlobalSection
	GlobalSection(ExtensibilityGlobals) = postSolution
		SolutionGuid = {51047D1E-F579-454D-B7A2-789E90E75478}
	EndGlobalSection
EndGlobal
